{
  "version": 4,
  "terraform_version": "0.13.1",
  "serial": 76,
  "lineage": "5bdab307-5199-5668-f9ee-bcf5a3118052",
  "outputs": {},
  "resources": [
    {
      "mode": "data",
      "type": "aws_caller_identity",
      "name": "_",
      "provider": "provider[\"registry.terraform.io/hashicorp/aws\"]",
      "instances": [
        {
          "schema_version": 0,
          "attributes": {
            "account_id": "589152156525",
            "arn": "arn:aws:iam::589152156525:user/ahmadhafeez",
            "id": "2020-09-01 20:59:25.737169 +0000 UTC",
            "user_id": "AIDAYSLBUPNW3XQZNKXUV"
          }
        }
      ]
    },
    {
      "module": "module.identity",
      "mode": "data",
      "type": "template_file",
      "name": "cognito_developer_assume_role",
      "provider": "provider[\"registry.terraform.io/hashicorp/template\"]",
      "instances": [
        {
          "schema_version": 0,
          "attributes": {
            "filename": null,
            "id": "b1df6bdbddc395f8e134a1e50fd2574da5a7bd3956406ba0fcd0d9bfa1715f0f",
            "rendered": "{\n  \"Version\": \"2012-10-17\",\n  \"Statement\": [\n    {\n      \"Action\": \"sts:AssumeRole\",\n      \"Principal\": {\n        \"Service\": \"ec2.amazonaws.com\"\n      },\n      \"Effect\": \"Allow\",\n      \"Sid\": \"\"\n    }\n  ]\n}\n",
            "template": "{\n  \"Version\": \"2012-10-17\",\n  \"Statement\": [\n    {\n      \"Action\": \"sts:AssumeRole\",\n      \"Principal\": {\n        \"Service\": \"ec2.amazonaws.com\"\n      },\n      \"Effect\": \"Allow\",\n      \"Sid\": \"\"\n    }\n  ]\n}\n",
            "vars": null
          }
        }
      ]
    },
    {
      "module": "module.identity",
      "mode": "data",
      "type": "template_file",
      "name": "cognito_iam_assume_role_policy",
      "provider": "provider[\"registry.terraform.io/hashicorp/template\"]",
      "instances": [
        {
          "schema_version": 0,
          "attributes": {
            "filename": null,
            "id": "9fd0cdf782b49f92672aad862f98404f7dfef38adee33a3325c2d55eafe262a2",
            "rendered": "{\n  \"Version\": \"2012-10-17\",\n  \"Statement\": {\n    \"Effect\": \"Allow\",\n    \"Principal\": {\n      \"Federated\": \"cognito-identity.amazonaws.com\"\n    },\n    \"Action\": \"sts:AssumeRoleWithWebIdentity\",\n    \"Condition\": {\n      \"StringEquals\": {\n        \"cognito-identity.amazonaws.com:aud\": \"us-east-1:a5eb65d3-fdd8-4627-8576-514808cd247a\"\n      },\n      \"ForAnyValue:StringLike\": {\n        \"cognito-identity.amazonaws.com:amr\": \"authenticated\"\n      }\n    }\n  }\n}\n",
            "template": "{\n  \"Version\": \"2012-10-17\",\n  \"Statement\": {\n    \"Effect\": \"Allow\",\n    \"Principal\": {\n      \"Federated\": \"cognito-identity.amazonaws.com\"\n    },\n    \"Action\": \"sts:AssumeRoleWithWebIdentity\",\n    \"Condition\": {\n      \"StringEquals\": {\n        \"cognito-identity.amazonaws.com:aud\": \"${cognito_identity_pool_id}\"\n      },\n      \"ForAnyValue:StringLike\": {\n        \"cognito-identity.amazonaws.com:amr\": \"authenticated\"\n      }\n    }\n  }\n}\n",
            "vars": {
              "cognito_identity_pool_id": "us-east-1:a5eb65d3-fdd8-4627-8576-514808cd247a"
            }
          }
        }
      ]
    },
    {
      "module": "module.identity",
      "mode": "data",
      "type": "template_file",
      "name": "cognito_ops_assume_role",
      "provider": "provider[\"registry.terraform.io/hashicorp/template\"]",
      "instances": [
        {
          "schema_version": 0,
          "attributes": {
            "filename": null,
            "id": "b1df6bdbddc395f8e134a1e50fd2574da5a7bd3956406ba0fcd0d9bfa1715f0f",
            "rendered": "{\n  \"Version\": \"2012-10-17\",\n  \"Statement\": [\n    {\n      \"Action\": \"sts:AssumeRole\",\n      \"Principal\": {\n        \"Service\": \"ec2.amazonaws.com\"\n      },\n      \"Effect\": \"Allow\",\n      \"Sid\": \"\"\n    }\n  ]\n}\n",
            "template": "{\n  \"Version\": \"2012-10-17\",\n  \"Statement\": [\n    {\n      \"Action\": \"sts:AssumeRole\",\n      \"Principal\": {\n        \"Service\": \"ec2.amazonaws.com\"\n      },\n      \"Effect\": \"Allow\",\n      \"Sid\": \"\"\n    }\n  ]\n}\n",
            "vars": null
          }
        }
      ]
    },
    {
      "module": "module.identity",
      "mode": "managed",
      "type": "aws_cognito_identity_pool",
      "name": "_",
      "provider": "provider[\"registry.terraform.io/hashicorp/aws\"]",
      "instances": [
        {
          "schema_version": 0,
          "attributes": {
            "allow_unauthenticated_identities": false,
            "arn": "arn:aws:cognito-identity:us-east-1:589152156525:identitypool/us-east-1:a5eb65d3-fdd8-4627-8576-514808cd247a",
            "cognito_identity_providers": [
              {
                "client_id": "6c5hck7ljvjd7raqhsrkqu07ll",
                "provider_name": "cognito-idp.us-east-1.amazonaws.com/us-east-1_IsDiTZCWb",
                "server_side_token_check": true
              }
            ],
            "developer_provider_name": "testapi.login.com",
            "id": "us-east-1:a5eb65d3-fdd8-4627-8576-514808cd247a",
            "identity_pool_name": "test",
            "openid_connect_provider_arns": [],
            "saml_provider_arns": [],
            "supported_login_providers": {},
            "tags": {}
          },
          "private": "bnVsbA==",
          "dependencies": [
            "module.identity.aws_cognito_user_pool._",
            "module.identity.aws_cognito_user_pool_client._"
          ]
        }
      ]
    },
    {
      "module": "module.identity",
      "mode": "managed",
      "type": "aws_cognito_identity_pool_roles_attachment",
      "name": "_",
      "provider": "provider[\"registry.terraform.io/hashicorp/aws\"]",
      "instances": [
        {
          "schema_version": 0,
          "attributes": {
            "id": "us-east-1:a5eb65d3-fdd8-4627-8576-514808cd247a",
            "identity_pool_id": "us-east-1:a5eb65d3-fdd8-4627-8576-514808cd247a",
            "role_mapping": [],
            "roles": {
              "authenticated": "arn:aws:iam::589152156525:role/cognito-identity"
            }
          },
          "private": "bnVsbA==",
          "dependencies": [
            "module.identity.aws_cognito_identity_pool._",
            "module.identity.aws_cognito_user_pool._",
            "module.identity.aws_cognito_user_pool_client._",
            "module.identity.aws_iam_role.cognito",
            "module.identity.data.template_file.cognito_iam_assume_role_policy"
          ]
        }
      ]
    },
    {
      "module": "module.identity",
      "mode": "managed",
      "type": "aws_cognito_user_group",
      "name": "devGroup",
      "provider": "provider[\"registry.terraform.io/hashicorp/aws\"]",
      "instances": [
        {
          "schema_version": 0,
          "attributes": {
            "description": "Developer",
            "id": "us-east-1_IsDiTZCWb/developers",
            "name": "developers",
            "precedence": 0,
            "role_arn": "arn:aws:iam::589152156525:role/developer_role",
            "user_pool_id": "us-east-1_IsDiTZCWb"
          },
          "private": "bnVsbA==",
          "dependencies": [
            "module.identity.aws_cognito_user_pool._",
            "module.identity.aws_iam_role.developer_role"
          ]
        }
      ]
    },
    {
      "module": "module.identity",
      "mode": "managed",
      "type": "aws_cognito_user_group",
      "name": "opsGroup",
      "provider": "provider[\"registry.terraform.io/hashicorp/aws\"]",
      "instances": [
        {
          "schema_version": 0,
          "attributes": {
            "description": "OPS",
            "id": "us-east-1_IsDiTZCWb/operations",
            "name": "operations",
            "precedence": 0,
            "role_arn": "arn:aws:iam::589152156525:role/developer_role",
            "user_pool_id": "us-east-1_IsDiTZCWb"
          },
          "private": "bnVsbA==",
          "dependencies": [
            "module.identity.aws_cognito_user_pool._",
            "module.identity.aws_iam_role.developer_role"
          ]
        }
      ]
    },
    {
      "module": "module.identity",
      "mode": "managed",
      "type": "aws_cognito_user_pool",
      "name": "_",
      "provider": "provider[\"registry.terraform.io/hashicorp/aws\"]",
      "instances": [
        {
          "schema_version": 0,
          "attributes": {
            "admin_create_user_config": [
              {
                "allow_admin_create_user_only": false,
                "invite_message_template": []
              }
            ],
            "alias_attributes": null,
            "arn": "arn:aws:cognito-idp:us-east-1:589152156525:userpool/us-east-1_IsDiTZCWb",
            "auto_verified_attributes": [],
            "creation_date": "2020-09-01T18:18:02Z",
            "device_configuration": [],
            "email_configuration": [
              {
                "email_sending_account": "COGNITO_DEFAULT",
                "from_email_address": "",
                "reply_to_email_address": "",
                "source_arn": ""
              }
            ],
            "email_verification_message": null,
            "email_verification_subject": null,
            "endpoint": "cognito-idp.us-east-1.amazonaws.com/us-east-1_IsDiTZCWb",
            "id": "us-east-1_IsDiTZCWb",
            "lambda_config": [],
            "last_modified_date": "2020-09-01T18:18:02Z",
            "mfa_configuration": "OFF",
            "name": "cognito_user_pool",
            "password_policy": [
              {
                "minimum_length": 8,
                "require_lowercase": true,
                "require_numbers": true,
                "require_symbols": true,
                "require_uppercase": true,
                "temporary_password_validity_days": 7
              }
            ],
            "schema": [
              {
                "attribute_data_type": "String",
                "developer_only_attribute": false,
                "mutable": false,
                "name": "type",
                "number_attribute_constraints": [],
                "required": false,
                "string_attribute_constraints": [
                  {
                    "max_length": null,
                    "min_length": null
                  }
                ]
              }
            ],
            "sms_authentication_message": null,
            "sms_configuration": [],
            "sms_verification_message": null,
            "software_token_mfa_configuration": [],
            "tags": {},
            "user_pool_add_ons": [],
            "username_attributes": null,
            "username_configuration": [],
            "verification_message_template": [
              {
                "default_email_option": "CONFIRM_WITH_CODE",
                "email_message": "",
                "email_message_by_link": "",
                "email_subject": "",
                "email_subject_by_link": "",
                "sms_message": ""
              }
            ]
          },
          "private": "bnVsbA=="
        }
      ]
    },
    {
      "module": "module.identity",
      "mode": "managed",
      "type": "aws_cognito_user_pool_client",
      "name": "_",
      "provider": "provider[\"registry.terraform.io/hashicorp/aws\"]",
      "instances": [
        {
          "schema_version": 0,
          "attributes": {
            "allowed_oauth_flows": [],
            "allowed_oauth_flows_user_pool_client": false,
            "allowed_oauth_scopes": [],
            "analytics_configuration": [],
            "callback_urls": [],
            "client_secret": "",
            "default_redirect_uri": "",
            "explicit_auth_flows": [],
            "generate_secret": false,
            "id": "6c5hck7ljvjd7raqhsrkqu07ll",
            "logout_urls": [],
            "name": "cognito_user_pool",
            "prevent_user_existence_errors": "",
            "read_attributes": [],
            "refresh_token_validity": 30,
            "supported_identity_providers": [],
            "user_pool_id": "us-east-1_IsDiTZCWb",
            "write_attributes": []
          },
          "private": "bnVsbA==",
          "dependencies": [
            "module.identity.aws_cognito_user_pool._"
          ]
        }
      ]
    },
    {
      "module": "module.identity",
      "mode": "managed",
      "type": "aws_iam_group",
      "name": "developers",
      "provider": "provider[\"registry.terraform.io/hashicorp/aws\"]",
      "instances": [
        {
          "schema_version": 0,
          "attributes": {
            "arn": "arn:aws:iam::589152156525:group/dev/developers",
            "id": "developers",
            "name": "developers",
            "path": "/dev/",
            "unique_id": "AGPAYSLBUPNW2PWRLBIJB"
          },
          "private": "bnVsbA=="
        }
      ]
    },
    {
      "module": "module.identity",
      "mode": "managed",
      "type": "aws_iam_group",
      "name": "ops",
      "provider": "provider[\"registry.terraform.io/hashicorp/aws\"]",
      "instances": [
        {
          "schema_version": 0,
          "attributes": {
            "arn": "arn:aws:iam::589152156525:group/ops/Operations",
            "id": "Operations",
            "name": "Operations",
            "path": "/ops/",
            "unique_id": "AGPAYSLBUPNWZK6RPEC6N"
          },
          "private": "bnVsbA=="
        }
      ]
    },
    {
      "module": "module.identity",
      "mode": "managed",
      "type": "aws_iam_role",
      "name": "cognito",
      "provider": "provider[\"registry.terraform.io/hashicorp/aws\"]",
      "instances": [
        {
          "schema_version": 0,
          "attributes": {
            "arn": "arn:aws:iam::589152156525:role/cognito-identity",
            "assume_role_policy": "{\"Version\":\"2012-10-17\",\"Statement\":[{\"Effect\":\"Allow\",\"Principal\":{\"Federated\":\"cognito-identity.amazonaws.com\"},\"Action\":\"sts:AssumeRoleWithWebIdentity\",\"Condition\":{\"StringEquals\":{\"cognito-identity.amazonaws.com:aud\":\"us-east-1:a5eb65d3-fdd8-4627-8576-514808cd247a\"},\"ForAnyValue:StringLike\":{\"cognito-identity.amazonaws.com:amr\":\"authenticated\"}}}]}",
            "create_date": "2020-09-01T11:51:42Z",
            "description": "",
            "force_detach_policies": false,
            "id": "cognito-identity",
            "max_session_duration": 3600,
            "name": "cognito-identity",
            "name_prefix": null,
            "path": "/",
            "permissions_boundary": null,
            "tags": {},
            "unique_id": "AROAYSLBUPNWSZRLW4I7N"
          },
          "private": "bnVsbA==",
          "dependencies": [
            "module.identity.aws_cognito_identity_pool._",
            "module.identity.aws_cognito_user_pool._",
            "module.identity.aws_cognito_user_pool_client._",
            "module.identity.data.template_file.cognito_iam_assume_role_policy"
          ]
        }
      ]
    },
    {
      "module": "module.identity",
      "mode": "managed",
      "type": "aws_iam_role",
      "name": "developer_role",
      "provider": "provider[\"registry.terraform.io/hashicorp/aws\"]",
      "instances": [
        {
          "schema_version": 0,
          "attributes": {
            "arn": "arn:aws:iam::589152156525:role/developer_role",
            "assume_role_policy": "{\"Version\":\"2012-10-17\",\"Statement\":[{\"Sid\":\"\",\"Effect\":\"Allow\",\"Principal\":{\"Service\":\"ec2.amazonaws.com\"},\"Action\":\"sts:AssumeRole\"}]}",
            "create_date": "2020-09-01T20:47:06Z",
            "description": "",
            "force_detach_policies": false,
            "id": "developer_role",
            "max_session_duration": 3600,
            "name": "developer_role",
            "name_prefix": null,
            "path": "/",
            "permissions_boundary": null,
            "tags": {},
            "unique_id": "AROAYSLBUPNWSK2GQYVA4"
          },
          "private": "bnVsbA==",
          "dependencies": [
            "module.identity.data.template_file.cognito_developer_assume_role"
          ]
        }
      ]
    },
    {
      "module": "module.identity",
      "mode": "managed",
      "type": "aws_iam_role",
      "name": "ops_role",
      "provider": "provider[\"registry.terraform.io/hashicorp/aws\"]",
      "instances": [
        {
          "schema_version": 0,
          "attributes": {
            "arn": "arn:aws:iam::589152156525:role/ops_role",
            "assume_role_policy": "{\"Version\":\"2012-10-17\",\"Statement\":[{\"Sid\":\"\",\"Effect\":\"Allow\",\"Principal\":{\"Service\":\"ec2.amazonaws.com\"},\"Action\":\"sts:AssumeRole\"}]}",
            "create_date": "2020-09-01T20:47:06Z",
            "description": "",
            "force_detach_policies": false,
            "id": "ops_role",
            "max_session_duration": 3600,
            "name": "ops_role",
            "name_prefix": null,
            "path": "/",
            "permissions_boundary": null,
            "tags": {},
            "unique_id": "AROAYSLBUPNWXNGKHF2EJ"
          },
          "private": "bnVsbA==",
          "dependencies": [
            "module.identity.data.template_file.cognito_ops_assume_role"
          ]
        }
      ]
    },
    {
      "module": "module.identity",
      "mode": "managed",
      "type": "null_resource",
      "name": "cognito_user",
      "provider": "provider[\"registry.terraform.io/hashicorp/null\"]",
      "instances": [
        {
          "schema_version": 0,
          "attributes": {
            "id": "9158898291636420752",
            "triggers": {
              "user_pool_id": "us-east-1_IsDiTZCWb"
            }
          },
          "private": "bnVsbA==",
          "dependencies": [
            "module.identity.aws_cognito_user_pool._"
          ]
        }
      ]
    }
  ]
}
